// !$*UTF8*$!
{
	archiveVersion = 1;
	classes = {
	};
	objectVersion = 52;
	objects = {

/* Begin PBXBuildFile section */
		023933CF2FCC40179B92A691 /* Constants.swift in Sources */ = {isa = PBXBuildFile; fileRef = A7675FC9A636BB0533E7F709 /* Constants.swift */; };
		02F3EF098894199A18AE80CD /* BannerExperience.swift in Sources */ = {isa = PBXBuildFile; fileRef = 2E8430EF0C5DDF8A4D422754 /* BannerExperience.swift */; };
		043BDDDBB47DBBF6F43EDE23 /* ContentView.swift in Sources */ = {isa = PBXBuildFile; fileRef = A086F705B1412A79701FC627 /* ContentView.swift */; };
		2EF55E622525BAAF0039A8E4 /* KingfisherSwiftUI in Frameworks */ = {isa = PBXBuildFile; productRef = 2EF55E612525BAAF0039A8E4 /* KingfisherSwiftUI */; };
		34BB47A9FBAB05CA448EC200 /* Pods_samples_swiftui.framework in Frameworks */ = {isa = PBXBuildFile; fileRef = C6B2223710F0A87CE92CF290 /* Pods_samples_swiftui.framework */; };
		38F6C392967AF174D37C3225 /* Preview Assets.xcassets in Resources */ = {isa = PBXBuildFile; fileRef = 2CB0D8198794EEF7828EDFAF /* Preview Assets.xcassets */; };
		3F90FB0DD614BA0E0C6A19D9 /* LICENSE.md in Resources */ = {isa = PBXBuildFile; fileRef = 2C2CE02C2B717DE4CC66146C /* LICENSE.md */; };
		3F947C6E995C656F75B83F11 /* LaunchScreen.storyboard in Resources */ = {isa = PBXBuildFile; fileRef = 2A501AED807BEBB16B0F7D40 /* LaunchScreen.storyboard */; };
		50F2D56C816472D746532E47 /* ViewModel_After.swift in Sources */ = {isa = PBXBuildFile; fileRef = F5F1A664119C447A64805E9D /* ViewModel_After.swift */; };
		62929A39CC760E6815213A7C /* Assets.xcassets in Resources */ = {isa = PBXBuildFile; fileRef = F0030BFDBC5B2C1ACE97082C /* Assets.xcassets */; };
		74AB8E0A6BA8FBF1FA224FE8 /* Styles.swift in Sources */ = {isa = PBXBuildFile; fileRef = 0A6AA74D3A69ECF64D10D652 /* Styles.swift */; };
		796C943E0BF3E541B6C7A9AD /* AppDelegate.swift in Sources */ = {isa = PBXBuildFile; fileRef = 21C6923DD14CCCAD2EA52977 /* AppDelegate.swift */; };
		81952B6DA5855DB71E230988 /* HomepageBodySection.swift in Sources */ = {isa = PBXBuildFile; fileRef = A250D02DE7AFAED3A8F8C3D1 /* HomepageBodySection.swift */; };
		87BD68F2A69B0DD2C559F7B3 /* ViewModel_Before.swift in Sources */ = {isa = PBXBuildFile; fileRef = F7A6AB89BA55D23880D00FDE /* ViewModel_Before.swift */; };
		9751BAF86049679694D68D65 /* SceneDelegate.swift in Sources */ = {isa = PBXBuildFile; fileRef = 9D6D2630FAB1FD92D9BEF6DA /* SceneDelegate.swift */; };
		9C8786002448482BDA69E1F6 /* ViewModelBase.swift in Sources */ = {isa = PBXBuildFile; fileRef = E183A0D4CA1F370F2101E375 /* ViewModelBase.swift */; };
		9D60361A254D284A5FDEDDB1 /* HeaderExperience.swift in Sources */ = {isa = PBXBuildFile; fileRef = 347562D4E8A9B61724537226 /* HeaderExperience.swift */; };
		BC717B910A870A31732F4D9A /* HeroExperience.swift in Sources */ = {isa = PBXBuildFile; fileRef = 598299395CFB8E319F4EAC44 /* HeroExperience.swift */; };
		BD167FFDE0B72C18B920EFA3 /* HomepageCollection.swift in Sources */ = {isa = PBXBuildFile; fileRef = B4A8E0FFA86AC6305F82E6EC /* HomepageCollection.swift */; };
		BD63D9BD4A455D1889C5A6BD /* Fallbacks.swift in Sources */ = {isa = PBXBuildFile; fileRef = F814F7E91A82C6DEBCCFDE0F /* Fallbacks.swift */; };
		D9BC16660794C0983C20974F /* User.swift in Sources */ = {isa = PBXBuildFile; fileRef = 7C5F14939E41523686619962 /* User.swift */; };
		E9AF172607260DCA3FF849CD /* Mtribes.swift in Sources */ = {isa = PBXBuildFile; fileRef = 0F9054C7B5C7CB1E4BC0B415 /* Mtribes.swift */; };
/* End PBXBuildFile section */

/* Begin PBXFileReference section */
		09CB66E0FDC3EF0EEB760548 /* samples-swiftui.app */ = {isa = PBXFileReference; explicitFileType = wrapper.application; includeInIndex = 0; path = "samples-swiftui.app"; sourceTree = BUILT_PRODUCTS_DIR; };
		0A6AA74D3A69ECF64D10D652 /* Styles.swift */ = {isa = PBXFileReference; lastKnownFileType = sourcecode.swift; path = Styles.swift; sourceTree = "<group>"; };
		0F9054C7B5C7CB1E4BC0B415 /* Mtribes.swift */ = {isa = PBXFileReference; lastKnownFileType = sourcecode.swift; path = Mtribes.swift; sourceTree = "<group>"; };
		21C6923DD14CCCAD2EA52977 /* AppDelegate.swift */ = {isa = PBXFileReference; lastKnownFileType = sourcecode.swift; path = AppDelegate.swift; sourceTree = "<group>"; };
		2C2CE02C2B717DE4CC66146C /* LICENSE.md */ = {isa = PBXFileReference; lastKnownFileType = net.daringfireball.markdown; path = LICENSE.md; sourceTree = "<group>"; };
		2CB0D8198794EEF7828EDFAF /* Preview Assets.xcassets */ = {isa = PBXFileReference; lastKnownFileType = folder.assetcatalog; path = "Preview Assets.xcassets"; sourceTree = "<group>"; };
		2E3B7A77251444CF0040D0A1 /* Mtribes.xcframework */ = {isa = PBXFileReference; lastKnownFileType = wrapper.xcframework; name = Mtribes.xcframework; path = Frameworks/Mtribes.xcframework; sourceTree = "<group>"; };
		2E8430EF0C5DDF8A4D422754 /* BannerExperience.swift */ = {isa = PBXFileReference; lastKnownFileType = sourcecode.swift; path = BannerExperience.swift; sourceTree = "<group>"; };
		347562D4E8A9B61724537226 /* HeaderExperience.swift */ = {isa = PBXFileReference; lastKnownFileType = sourcecode.swift; path = HeaderExperience.swift; sourceTree = "<group>"; };
		4A83EE41C08BA967BC518E1A /* Info.plist */ = {isa = PBXFileReference; lastKnownFileType = text.plist; path = Info.plist; sourceTree = "<group>"; };
		598299395CFB8E319F4EAC44 /* HeroExperience.swift */ = {isa = PBXFileReference; lastKnownFileType = sourcecode.swift; path = HeroExperience.swift; sourceTree = "<group>"; };
		7C5F14939E41523686619962 /* User.swift */ = {isa = PBXFileReference; lastKnownFileType = sourcecode.swift; path = User.swift; sourceTree = "<group>"; };
		86EEB621E4ED8D1B08DE4F1E /* Base */ = {isa = PBXFileReference; lastKnownFileType = file.storyboard; name = Base; path = Base.lproj/LaunchScreen.storyboard; sourceTree = "<group>"; };
		94D0E512EE188D7CB14417F4 /* Pods-samples-swiftui.debug.xcconfig */ = {isa = PBXFileReference; includeInIndex = 1; lastKnownFileType = text.xcconfig; name = "Pods-samples-swiftui.debug.xcconfig"; path = "Target Support Files/Pods-samples-swiftui/Pods-samples-swiftui.debug.xcconfig"; sourceTree = "<group>"; };
		9D6D2630FAB1FD92D9BEF6DA /* SceneDelegate.swift */ = {isa = PBXFileReference; lastKnownFileType = sourcecode.swift; path = SceneDelegate.swift; sourceTree = "<group>"; };
		A086F705B1412A79701FC627 /* ContentView.swift */ = {isa = PBXFileReference; lastKnownFileType = sourcecode.swift; path = ContentView.swift; sourceTree = "<group>"; };
		A250D02DE7AFAED3A8F8C3D1 /* HomepageBodySection.swift */ = {isa = PBXFileReference; lastKnownFileType = sourcecode.swift; path = HomepageBodySection.swift; sourceTree = "<group>"; };
		A7675FC9A636BB0533E7F709 /* Constants.swift */ = {isa = PBXFileReference; lastKnownFileType = sourcecode.swift; path = Constants.swift; sourceTree = "<group>"; };
		B4A8E0FFA86AC6305F82E6EC /* HomepageCollection.swift */ = {isa = PBXFileReference; lastKnownFileType = sourcecode.swift; path = HomepageCollection.swift; sourceTree = "<group>"; };
		C6B2223710F0A87CE92CF290 /* Pods_samples_swiftui.framework */ = {isa = PBXFileReference; explicitFileType = wrapper.framework; includeInIndex = 0; path = Pods_samples_swiftui.framework; sourceTree = BUILT_PRODUCTS_DIR; };
		DAA2C6C8073CEC30017A45E8 /* Pods-samples-swiftui.release.xcconfig */ = {isa = PBXFileReference; includeInIndex = 1; lastKnownFileType = text.xcconfig; name = "Pods-samples-swiftui.release.xcconfig"; path = "Target Support Files/Pods-samples-swiftui/Pods-samples-swiftui.release.xcconfig"; sourceTree = "<group>"; };
		E183A0D4CA1F370F2101E375 /* ViewModelBase.swift */ = {isa = PBXFileReference; lastKnownFileType = sourcecode.swift; path = ViewModelBase.swift; sourceTree = "<group>"; };
		F0030BFDBC5B2C1ACE97082C /* Assets.xcassets */ = {isa = PBXFileReference; lastKnownFileType = folder.assetcatalog; path = Assets.xcassets; sourceTree = "<group>"; };
		F5F1A664119C447A64805E9D /* ViewModel_After.swift */ = {isa = PBXFileReference; lastKnownFileType = sourcecode.swift; path = ViewModel_After.swift; sourceTree = "<group>"; };
		F7A6AB89BA55D23880D00FDE /* ViewModel_Before.swift */ = {isa = PBXFileReference; lastKnownFileType = sourcecode.swift; path = ViewModel_Before.swift; sourceTree = "<group>"; };
		F814F7E91A82C6DEBCCFDE0F /* Fallbacks.swift */ = {isa = PBXFileReference; lastKnownFileType = sourcecode.swift; path = Fallbacks.swift; sourceTree = "<group>"; };
/* End PBXFileReference section */

/* Begin PBXFrameworksBuildPhase section */
		2E3B7A7A251444D00040D0A1 /* Frameworks */ = {
			isa = PBXFrameworksBuildPhase;
			buildActionMask = 2147483647;
			files = (
				2EF55E622525BAAF0039A8E4 /* KingfisherSwiftUI in Frameworks */,
				34BB47A9FBAB05CA448EC200 /* Pods_samples_swiftui.framework in Frameworks */,
			);
			runOnlyForDeploymentPostprocessing = 0;
		};
/* End PBXFrameworksBuildPhase section */

/* Begin PBXGroup section */
		0066D73BF6D6629FC60772A8 /* Section */ = {
			isa = PBXGroup;
			children = (
				A250D02DE7AFAED3A8F8C3D1 /* HomepageBodySection.swift */,
			);
			path = Section;
			sourceTree = "<group>";
		};
		07F507E1FC530552F1EE66D9 /* src */ = {
			isa = PBXGroup;
			children = (
				83ABADCCAE53BE7836EA724B /* mtspace */,
			);
			path = src;
			sourceTree = "<group>";
		};
		09865156F06E0DAF5E10710B /* sample */ = {
			isa = PBXGroup;
			children = (
				F814F7E91A82C6DEBCCFDE0F /* Fallbacks.swift */,
				2C2CE02C2B717DE4CC66146C /* LICENSE.md */,
				0F9054C7B5C7CB1E4BC0B415 /* Mtribes.swift */,
				69673B50A2FEAFB4DD50B26D /* Collection */,
				16F7DC1027B921634F043EAD /* Experience */,
				0066D73BF6D6629FC60772A8 /* Section */,
			);
			path = sample;
			sourceTree = "<group>";
		};
		106E6339ABFD3666ED9520E4 = {
			isa = PBXGroup;
			children = (
				1366FA309AB57116259AD553 /* Sources */,
				07F507E1FC530552F1EE66D9 /* src */,
				11E601408BC7AF4B8DC47D2E /* Products */,
				2E3B7A76251444CF0040D0A1 /* Frameworks */,
				3F99FCC6C43E7CC6C5649BDE /* Pods */,
			);
			sourceTree = "<group>";
		};
		11E601408BC7AF4B8DC47D2E /* Products */ = {
			isa = PBXGroup;
			children = (
				09CB66E0FDC3EF0EEB760548 /* samples-swiftui.app */,
			);
			name = Products;
			sourceTree = "<group>";
		};
		1366FA309AB57116259AD553 /* Sources */ = {
			isa = PBXGroup;
			children = (
				21C6923DD14CCCAD2EA52977 /* AppDelegate.swift */,
				F0030BFDBC5B2C1ACE97082C /* Assets.xcassets */,
				A7675FC9A636BB0533E7F709 /* Constants.swift */,
				A086F705B1412A79701FC627 /* ContentView.swift */,
				4A83EE41C08BA967BC518E1A /* Info.plist */,
				2A501AED807BEBB16B0F7D40 /* LaunchScreen.storyboard */,
				9D6D2630FAB1FD92D9BEF6DA /* SceneDelegate.swift */,
				0A6AA74D3A69ECF64D10D652 /* Styles.swift */,
				7C5F14939E41523686619962 /* User.swift */,
				F5F1A664119C447A64805E9D /* ViewModel_After.swift */,
				F7A6AB89BA55D23880D00FDE /* ViewModel_Before.swift */,
				E183A0D4CA1F370F2101E375 /* ViewModelBase.swift */,
				681AFC0DE091C160EC460204 /* Preview Content */,
			);
			path = Sources;
			sourceTree = "<group>";
		};
		16F7DC1027B921634F043EAD /* Experience */ = {
			isa = PBXGroup;
			children = (
				2E8430EF0C5DDF8A4D422754 /* BannerExperience.swift */,
				347562D4E8A9B61724537226 /* HeaderExperience.swift */,
				598299395CFB8E319F4EAC44 /* HeroExperience.swift */,
			);
			path = Experience;
			sourceTree = "<group>";
		};
		2E3B7A76251444CF0040D0A1 /* Frameworks */ = {
			isa = PBXGroup;
			children = (
				2E3B7A77251444CF0040D0A1 /* Mtribes.xcframework */,
				C6B2223710F0A87CE92CF290 /* Pods_samples_swiftui.framework */,
			);
			name = Frameworks;
			sourceTree = "<group>";
		};
		3F99FCC6C43E7CC6C5649BDE /* Pods */ = {
			isa = PBXGroup;
			children = (
				94D0E512EE188D7CB14417F4 /* Pods-samples-swiftui.debug.xcconfig */,
				DAA2C6C8073CEC30017A45E8 /* Pods-samples-swiftui.release.xcconfig */,
			);
			path = Pods;
			sourceTree = "<group>";
		};
		681AFC0DE091C160EC460204 /* Preview Content */ = {
			isa = PBXGroup;
			children = (
				2CB0D8198794EEF7828EDFAF /* Preview Assets.xcassets */,
			);
			path = "Preview Content";
			sourceTree = "<group>";
		};
		69673B50A2FEAFB4DD50B26D /* Collection */ = {
			isa = PBXGroup;
			children = (
				B4A8E0FFA86AC6305F82E6EC /* HomepageCollection.swift */,
			);
			path = Collection;
			sourceTree = "<group>";
		};
		83ABADCCAE53BE7836EA724B /* mtspace */ = {
			isa = PBXGroup;
			children = (
				09865156F06E0DAF5E10710B /* sample */,
			);
			path = mtspace;
			sourceTree = "<group>";
		};
/* End PBXGroup section */

/* Begin PBXNativeTarget section */
		BED3F0F1E5018F5DEA50C410 /* samples-swiftui */ = {
			isa = PBXNativeTarget;
			buildConfigurationList = 8E48AABB14E7E0265C4C9E7B /* Build configuration list for PBXNativeTarget "samples-swiftui" */;
			buildPhases = (
				771155F18971DD77B1D704A5 /* [CP] Check Pods Manifest.lock */,
				697BD07B2ED293571C47757C /* [CP] Prepare Artifacts */,
				925FAED56358241C032A488A /* Sources */,
				896B229505A89A8602DDEC8A /* Resources */,
				2E3B7A7A251444D00040D0A1 /* Frameworks */,
				7376B58E641E0F94ADD0F392 /* [CP] Embed Pods Frameworks */,
			);
			buildRules = (
			);
			dependencies = (
			);
			name = "samples-swiftui";
			packageProductDependencies = (
				2EF55E612525BAAF0039A8E4 /* KingfisherSwiftUI */,
			);
			productName = "samples-swiftui";
			productReference = 09CB66E0FDC3EF0EEB760548 /* samples-swiftui.app */;
			productType = "com.apple.product-type.application";
		};
/* End PBXNativeTarget section */

/* Begin PBXProject section */
		267BE80B67CDAF346B4799F3 /* Project object */ = {
			isa = PBXProject;
			attributes = {
				LastUpgradeCheck = 1020;
			};
			buildConfigurationList = 3A0FFF09BB3A578288770E70 /* Build configuration list for PBXProject "samples-swiftui" */;
			compatibilityVersion = "Xcode 10.0";
			developmentRegion = en;
			hasScannedForEncodings = 0;
			knownRegions = (
				en,
				Base,
			);
			mainGroup = 106E6339ABFD3666ED9520E4;
			packageReferences = (
				2EF55E602525BAAF0039A8E4 /* XCRemoteSwiftPackageReference "Kingfisher" */,
			);
			productRefGroup = 11E601408BC7AF4B8DC47D2E /* Products */;
			projectDirPath = "";
			projectRoot = "";
			targets = (
				BED3F0F1E5018F5DEA50C410 /* samples-swiftui */,
			);
		};
/* End PBXProject section */

/* Begin PBXResourcesBuildPhase section */
		896B229505A89A8602DDEC8A /* Resources */ = {
			isa = PBXResourcesBuildPhase;
			buildActionMask = 2147483647;
			files = (
				62929A39CC760E6815213A7C /* Assets.xcassets in Resources */,
				3F90FB0DD614BA0E0C6A19D9 /* LICENSE.md in Resources */,
				3F947C6E995C656F75B83F11 /* LaunchScreen.storyboard in Resources */,
				38F6C392967AF174D37C3225 /* Preview Assets.xcassets in Resources */,
			);
			runOnlyForDeploymentPostprocessing = 0;
		};
/* End PBXResourcesBuildPhase section */

/* Begin PBXShellScriptBuildPhase section */
		697BD07B2ED293571C47757C /* [CP] Prepare Artifacts */ = {
			isa = PBXShellScriptBuildPhase;
			buildActionMask = 2147483647;
			files = (
			);
			inputFileListPaths = (
				"${PODS_ROOT}/Target Support Files/Pods-samples-swiftui/Pods-samples-swiftui-artifacts-${CONFIGURATION}-input-files.xcfilelist",
			);
			name = "[CP] Prepare Artifacts";
			outputFileListPaths = (
				"${PODS_ROOT}/Target Support Files/Pods-samples-swiftui/Pods-samples-swiftui-artifacts-${CONFIGURATION}-output-files.xcfilelist",
			);
			runOnlyForDeploymentPostprocessing = 0;
			shellPath = /bin/sh;
			shellScript = "\"${PODS_ROOT}/Target Support Files/Pods-samples-swiftui/Pods-samples-swiftui-artifacts.sh\"\n";
			showEnvVarsInLog = 0;
		};
		7376B58E641E0F94ADD0F392 /* [CP] Embed Pods Frameworks */ = {
			isa = PBXShellScriptBuildPhase;
			buildActionMask = 2147483647;
			files = (
			);
			inputFileListPaths = (
				"${PODS_ROOT}/Target Support Files/Pods-samples-swiftui/Pods-samples-swiftui-frameworks-${CONFIGURATION}-input-files.xcfilelist",
			);
			name = "[CP] Embed Pods Frameworks";
			outputFileListPaths = (
				"${PODS_ROOT}/Target Support Files/Pods-samples-swiftui/Pods-samples-swiftui-frameworks-${CONFIGURATION}-output-files.xcfilelist",
			);
			runOnlyForDeploymentPostprocessing = 0;
			shellPath = /bin/sh;
			shellScript = "\"${PODS_ROOT}/Target Support Files/Pods-samples-swiftui/Pods-samples-swiftui-frameworks.sh\"\n";
			showEnvVarsInLog = 0;
		};
		771155F18971DD77B1D704A5 /* [CP] Check Pods Manifest.lock */ = {
			isa = PBXShellScriptBuildPhase;
			buildActionMask = 2147483647;
			files = (
			);
			inputFileListPaths = (
			);
			inputPaths = (
				"${PODS_PODFILE_DIR_PATH}/Podfile.lock",
				"${PODS_ROOT}/Manifest.lock",
			);
			name = "[CP] Check Pods Manifest.lock";
			outputFileListPaths = (
			);
			outputPaths = (
				"$(DERIVED_FILE_DIR)/Pods-samples-swiftui-checkManifestLockResult.txt",
			);
			runOnlyForDeploymentPostprocessing = 0;
			shellPath = /bin/sh;
			shellScript = "diff \"${PODS_PODFILE_DIR_PATH}/Podfile.lock\" \"${PODS_ROOT}/Manifest.lock\" > /dev/null\nif [ $? != 0 ] ; then\n    # print error to STDERR\n    echo \"error: The sandbox is not in sync with the Podfile.lock. Run 'pod install' or update your CocoaPods installation.\" >&2\n    exit 1\nfi\n# This output is used by Xcode 'outputs' to avoid re-running this script phase.\necho \"SUCCESS\" > \"${SCRIPT_OUTPUT_FILE_0}\"\n";
			showEnvVarsInLog = 0;
		};
/* End PBXShellScriptBuildPhase section */

/* Begin PBXSourcesBuildPhase section */
		925FAED56358241C032A488A /* Sources */ = {
			isa = PBXSourcesBuildPhase;
			buildActionMask = 2147483647;
			files = (
				796C943E0BF3E541B6C7A9AD /* AppDelegate.swift in Sources */,
				02F3EF098894199A18AE80CD /* BannerExperience.swift in Sources */,
				023933CF2FCC40179B92A691 /* Constants.swift in Sources */,
				043BDDDBB47DBBF6F43EDE23 /* ContentView.swift in Sources */,
				BD63D9BD4A455D1889C5A6BD /* Fallbacks.swift in Sources */,
				9D60361A254D284A5FDEDDB1 /* HeaderExperience.swift in Sources */,
				BC717B910A870A31732F4D9A /* HeroExperience.swift in Sources */,
				81952B6DA5855DB71E230988 /* HomepageBodySection.swift in Sources */,
				BD167FFDE0B72C18B920EFA3 /* HomepageCollection.swift in Sources */,
				E9AF172607260DCA3FF849CD /* Mtribes.swift in Sources */,
				9751BAF86049679694D68D65 /* SceneDelegate.swift in Sources */,
				74AB8E0A6BA8FBF1FA224FE8 /* Styles.swift in Sources */,
				D9BC16660794C0983C20974F /* User.swift in Sources */,
				9C8786002448482BDA69E1F6 /* ViewModelBase.swift in Sources */,
				50F2D56C816472D746532E47 /* ViewModel_After.swift in Sources */,
				87BD68F2A69B0DD2C559F7B3 /* ViewModel_Before.swift in Sources */,
			);
			runOnlyForDeploymentPostprocessing = 0;
		};
/* End PBXSourcesBuildPhase section */

/* Begin PBXVariantGroup section */
		2A501AED807BEBB16B0F7D40 /* LaunchScreen.storyboard */ = {
			isa = PBXVariantGroup;
			children = (
				86EEB621E4ED8D1B08DE4F1E /* Base */,
			);
			name = LaunchScreen.storyboard;
			sourceTree = "<group>";
		};
/* End PBXVariantGroup section */

/* Begin XCBuildConfiguration section */
		49FADAF932386B1416672E28 /* Debug */ = {
			isa = XCBuildConfiguration;
			baseConfigurationReference = 94D0E512EE188D7CB14417F4 /* Pods-samples-swiftui.debug.xcconfig */;
			buildSettings = {
				ASSETCATALOG_COMPILER_APPICON_NAME = AppIcon;
				CODE_SIGN_IDENTITY = "iPhone Developer";
				INFOPLIST_FILE = Sources/Info.plist;
				IPHONEOS_DEPLOYMENT_TARGET = 13.0;
				LD_RUNPATH_SEARCH_PATHS = (
					"$(inherited)",
					"@executable_path/Frameworks",
				);
				PRODUCT_BUNDLE_IDENTIFIER = "com.deltatre.samples-swiftui";
				SDKROOT = iphoneos;
				TARGETED_DEVICE_FAMILY = "1,2";
			};
			name = Debug;
		};
		6EEA1E120740CFA90D6A5302 /* Release */ = {
			isa = XCBuildConfiguration;
			baseConfigurationReference = DAA2C6C8073CEC30017A45E8 /* Pods-samples-swiftui.release.xcconfig */;
			buildSettings = {
				ASSETCATALOG_COMPILER_APPICON_NAME = AppIcon;
				CODE_SIGN_IDENTITY = "iPhone Developer";
				INFOPLIST_FILE = Sources/Info.plist;
				IPHONEOS_DEPLOYMENT_TARGET = 13.0;
				LD_RUNPATH_SEARCH_PATHS = (
					"$(inherited)",
					"@executable_path/Frameworks",
				);
				PRODUCT_BUNDLE_IDENTIFIER = "com.deltatre.samples-swiftui";
				SDKROOT = iphoneos;
				TARGETED_DEVICE_FAMILY = "1,2";
			};
			name = Release;
		};
		B83E1823EF885BFB5C9FCDF4 /* Debug */ = {
			isa = XCBuildConfiguration;
			buildSettings = {
				ALWAYS_SEARCH_USER_PATHS = NO;
				CLANG_ANALYZER_NONNULL = YES;
				CLANG_ANALYZER_NUMBER_OBJECT_CONVERSION = YES_AGGRESSIVE;
				CLANG_CXX_LANGUAGE_STANDARD = "gnu++14";
				CLANG_CXX_LIBRARY = "libc++";
				CLANG_ENABLE_MODULES = YES;
				CLANG_ENABLE_OBJC_ARC = YES;
				CLANG_WARN_BLOCK_CAPTURE_AUTORELEASING = YES;
				CLANG_WARN_BOOL_CONVERSION = YES;
				CLANG_WARN_COMMA = YES;
				CLANG_WARN_CONSTANT_CONVERSION = YES;
				CLANG_WARN_DEPRECATED_OBJC_IMPLEMENTATIONS = YES;
				CLANG_WARN_DIRECT_OBJC_ISA_USAGE = YES_ERROR;
				CLANG_WARN_DOCUMENTATION_COMMENTS = YES;
				CLANG_WARN_EMPTY_BODY = YES;
				CLANG_WARN_ENUM_CONVERSION = YES;
				CLANG_WARN_INFINITE_RECURSION = YES;
				CLANG_WARN_INT_CONVERSION = YES;
				CLANG_WARN_NON_LITERAL_NULL_CONVERSION = YES;
				CLANG_WARN_OBJC_IMPLICIT_RETAIN_SELF = YES;
				CLANG_WARN_OBJC_LITERAL_CONVERSION = YES;
				CLANG_WARN_OBJC_ROOT_CLASS = YES_ERROR;
				CLANG_WARN_RANGE_LOOP_ANALYSIS = YES;
				CLANG_WARN_STRICT_PROTOTYPES = YES;
				CLANG_WARN_SUSPICIOUS_MOVE = YES;
				CLANG_WARN_UNGUARDED_AVAILABILITY = YES_AGGRESSIVE;
				CLANG_WARN_UNREACHABLE_CODE = YES;
				CLANG_WARN__DUPLICATE_METHOD_MATCH = YES;
				COPY_PHASE_STRIP = NO;
				DEBUG_INFORMATION_FORMAT = dwarf;
				ENABLE_STRICT_OBJC_MSGSEND = YES;
				ENABLE_TESTABILITY = YES;
				GCC_C_LANGUAGE_STANDARD = gnu11;
				GCC_DYNAMIC_NO_PIC = NO;
				GCC_NO_COMMON_BLOCKS = YES;
				GCC_OPTIMIZATION_LEVEL = 0;
				GCC_PREPROCESSOR_DEFINITIONS = (
					"$(inherited)",
					"DEBUG=1",
				);
				GCC_WARN_64_TO_32_BIT_CONVERSION = YES;
				GCC_WARN_ABOUT_RETURN_TYPE = YES_ERROR;
				GCC_WARN_UNDECLARED_SELECTOR = YES;
				GCC_WARN_UNINITIALIZED_AUTOS = YES_AGGRESSIVE;
				GCC_WARN_UNUSED_FUNCTION = YES;
				GCC_WARN_UNUSED_VARIABLE = YES;
				MTL_ENABLE_DEBUG_INFO = YES;
				ONLY_ACTIVE_ARCH = YES;
				PRODUCT_NAME = "$(TARGET_NAME)";
				SDKROOT = iphoneos;
				SWIFT_ACTIVE_COMPILATION_CONDITIONS = DEBUG;
				SWIFT_OPTIMIZATION_LEVEL = "-Onone";
				SWIFT_VERSION = 5.0;
			};
			name = Debug;
		};
		EA1261670919188CEC69B97D /* Release */ = {
			isa = XCBuildConfiguration;
			buildSettings = {
				ALWAYS_SEARCH_USER_PATHS = NO;
				CLANG_ANALYZER_NONNULL = YES;
				CLANG_ANALYZER_NUMBER_OBJECT_CONVERSION = YES_AGGRESSIVE;
				CLANG_CXX_LANGUAGE_STANDARD = "gnu++14";
				CLANG_CXX_LIBRARY = "libc++";
				CLANG_ENABLE_MODULES = YES;
				CLANG_ENABLE_OBJC_ARC = YES;
				CLANG_WARN_BLOCK_CAPTURE_AUTORELEASING = YES;
				CLANG_WARN_BOOL_CONVERSION = YES;
				CLANG_WARN_COMMA = YES;
				CLANG_WARN_CONSTANT_CONVERSION = YES;
				CLANG_WARN_DEPRECATED_OBJC_IMPLEMENTATIONS = YES;
				CLANG_WARN_DIRECT_OBJC_ISA_USAGE = YES_ERROR;
				CLANG_WARN_DOCUMENTATION_COMMENTS = YES;
				CLANG_WARN_EMPTY_BODY = YES;
				CLANG_WARN_ENUM_CONVERSION = YES;
				CLANG_WARN_INFINITE_RECURSION = YES;
				CLANG_WARN_INT_CONVERSION = YES;
				CLANG_WARN_NON_LITERAL_NULL_CONVERSION = YES;
				CLANG_WARN_OBJC_IMPLICIT_RETAIN_SELF = YES;
				CLANG_WARN_OBJC_LITERAL_CONVERSION = YES;
				CLANG_WARN_OBJC_ROOT_CLASS = YES_ERROR;
				CLANG_WARN_RANGE_LOOP_ANALYSIS = YES;
				CLANG_WARN_STRICT_PROTOTYPES = YES;
				CLANG_WARN_SUSPICIOUS_MOVE = YES;
				CLANG_WARN_UNGUARDED_AVAILABILITY = YES_AGGRESSIVE;
				CLANG_WARN_UNREACHABLE_CODE = YES;
				CLANG_WARN__DUPLICATE_METHOD_MATCH = YES;
				COPY_PHASE_STRIP = NO;
				DEBUG_INFORMATION_FORMAT = "dwarf-with-dsym";
				ENABLE_NS_ASSERTIONS = NO;
				ENABLE_STRICT_OBJC_MSGSEND = YES;
				GCC_C_LANGUAGE_STANDARD = gnu11;
				GCC_NO_COMMON_BLOCKS = YES;
				GCC_WARN_64_TO_32_BIT_CONVERSION = YES;
				GCC_WARN_ABOUT_RETURN_TYPE = YES_ERROR;
				GCC_WARN_UNDECLARED_SELECTOR = YES;
				GCC_WARN_UNINITIALIZED_AUTOS = YES_AGGRESSIVE;
				GCC_WARN_UNUSED_FUNCTION = YES;
				GCC_WARN_UNUSED_VARIABLE = YES;
				PRODUCT_NAME = "$(TARGET_NAME)";
				SDKROOT = iphoneos;
				SWIFT_COMPILATION_MODE = wholemodule;
				SWIFT_VERSION = 5.0;
				VALIDATE_PRODUCT = YES;
			};
			name = Release;
		};
/* End XCBuildConfiguration section */

/* Begin XCConfigurationList section */
		3A0FFF09BB3A578288770E70 /* Build configuration list for PBXProject "samples-swiftui" */ = {
			isa = XCConfigurationList;
			buildConfigurations = (
				B83E1823EF885BFB5C9FCDF4 /* Debug */,
				EA1261670919188CEC69B97D /* Release */,
			);
			defaultConfigurationIsVisible = 0;
			defaultConfigurationName = Debug;
		};
		8E48AABB14E7E0265C4C9E7B /* Build configuration list for PBXNativeTarget "samples-swiftui" */ = {
			isa = XCConfigurationList;
			buildConfigurations = (
				49FADAF932386B1416672E28 /* Debug */,
				6EEA1E120740CFA90D6A5302 /* Release */,
			);
			defaultConfigurationIsVisible = 0;
			defaultConfigurationName = Debug;
		};
/* End XCConfigurationList section */

/* Begin XCRemoteSwiftPackageReference section */
		2EF55E602525BAAF0039A8E4 /* XCRemoteSwiftPackageReference "Kingfisher" */ = {
			isa = XCRemoteSwiftPackageReference;
			repositoryURL = "https://github.com/onevcat/Kingfisher.git";
			requirement = {
				kind = upToNextMajorVersion;
				minimumVersion = 5.15.5;
			};
		};
/* End XCRemoteSwiftPackageReference section */

/* Begin XCSwiftPackageProductDependency section */
		2EF55E612525BAAF0039A8E4 /* KingfisherSwiftUI */ = {
			isa = XCSwiftPackageProductDependency;
			package = 2EF55E602525BAAF0039A8E4 /* XCRemoteSwiftPackageReference "Kingfisher" */;
			productName = KingfisherSwiftUI;
		};
/* End XCSwiftPackageProductDependency section */
	};
	rootObject = 267BE80B67CDAF346B4799F3 /* Project object */;
}
