PODS:
  - Kingfisher (5.15.0):
    - Kingfisher/Core (= 5.15.0)
  - Kingfisher/Core (5.15.0)
  - Mtribes (0.2.1)

DEPENDENCIES:
  - Kingfisher
  - Mtribes

SPEC REPOS:
  trunk:
    - Kingfisher
    - Mtribes

SPEC CHECKSUMS:
  Kingfisher: 1acb67597a520c2d0310677e66d6e0af455ef757
  Mtribes: dcb973a6d6227b670714a0409573941e987ef792

PODFILE CHECKSUM: bfdeb63afa479b5b7b9d2746165ef796d6c24e5c

COCOAPODS: 1.9.1
