{
  "object": {
    "pins": [
      {
        "package": "Mtribes",
        "repositoryURL": "https://github.com/mtribes/client-ios.git",
        "state": {
          "branch": null,
          "revision": "3ab6968959ea40a18d534149c1f725c7957a0b11",
          "version": "0.4.0"
        }
      },
      {
        "package": "Kingfisher",
        "repositoryURL": "https://github.com/onevcat/Kingfisher.git",
        "state": {
          "branch": null,
          "revision": "0e548b700c7c123dd3b2ac776e90d63a540f084d",
          "version": "5.15.7"
        }
      }
    ]
  },
  "version": 1
}
